{
  "name": "@jchip/test-npm-scripts",
  "version": "1.0.0",
  "lockfileVersion": 1,
  "requires": true,
  "dependencies": {
    "@jchip/foo": {
      "version": "1.0.1",
      "resolved": "https://registry.npmjs.org/@jchip/foo/-/foo-1.0.1.tgz",
      "integrity": "sha512-l1F0ievi96V+BTopkp8nez6I7uUUsCSOCh/nkJWvBqPmdkfuilH3y2FqNp/yOCWCrX6MveN4kQS+BCInRXorHg=="
    }
  }
}
